
Microsoft Visual Studio Solution File, Format Version 12.00
# Visual Studio Version 16
VisualStudioVersion = 16.0.31112.23
MinimumVisualStudioVersion = 10.0.40219.1
Project("{8BC9CEB8-8B4A-11D0-8D11-00A0C91BC942}") = "Windows_Messages_Map", "Windows_Messages_Map.vcxproj", "{DCD02CE8-9D0F-4CE2-A73B-E7307A01F4BC}"
EndProject
Global
	GlobalSection(SolutionConfigurationPlatforms) = preSolution
		Debug|x64 = Debug|x64
		Debug|x86 = Debug|x86
		Release|x64 = Release|x64
		Release|x86 = Release|x86
	EndGlobalSection
	GlobalSection(ProjectConfigurationPlatforms) = postSolution
		{DCD02CE8-9D0F-4CE2-A73B-E7307A01F4BC}.Debug|x64.ActiveCfg = Debug|x64
		{DCD02CE8-9D0F-4CE2-A73B-E7307A01F4BC}.Debug|x64.Build.0 = Debug|x64
		{DCD02CE8-9D0F-4CE2-A73B-E7307A01F4BC}.Debug|x86.ActiveCfg = Debug|Win32
		{DCD02CE8-9D0F-4CE2-A73B-E7307A01F4BC}.Debug|x86.Build.0 = Debug|Win32
		{DCD02CE8-9D0F-4CE2-A73B-E7307A01F4BC}.Release|x64.ActiveCfg = Release|x64
		{DCD02CE8-9D0F-4CE2-A73B-E7307A01F4BC}.Release|x64.Build.0 = Release|x64
		{DCD02CE8-9D0F-4CE2-A73B-E7307A01F4BC}.Release|x86.ActiveCfg = Release|Win32
		{DCD02CE8-9D0F-4CE2-A73B-E7307A01F4BC}.Release|x86.Build.0 = Release|Win32
	EndGlobalSection
	GlobalSection(SolutionProperties) = preSolution
		HideSolutionNode = FALSE
	EndGlobalSection
	GlobalSection(ExtensibilityGlobals) = postSolution
		SolutionGuid = {55EED991-0930-4FC3-B3A7-2A2F2EF0BF5F}
	EndGlobalSection
EndGlobal
